<?xml version="1.0" encoding="utf-8"?>
<Project ToolsVersion="4.0" xmlns="http://schemas.microsoft.com/developer/msbuild/2003">
  <ItemGroup>
    <ClCompile Include="cursor_function.c" />
    <ClCompile Include="login.c" />
    <ClCompile Include="main.c" />
    <ClCompile Include="main_game_screen.c" />
    <ClCompile Include="main_maze_game.c" />
    <ClCompile Include="manage_info.c" />
    <ClCompile Include="mini1_rhs.c" />
    <ClCompile Include="mini2_rhs.c" />
    <ClCompile Include="mini2_syb.c" />
    <ClCompile Include="mini3_rhs.c" />
    <ClCompile Include="mini3_syb.c" />
    <ClCompile Include="mini4_syb.c" />
    <ClCompile Include="minigame_syb.c" />
    <ClCompile Include="screen_function.c" />
    <ClCompile Include="shop_screen.c" />
  </ItemGroup>
  <ItemGroup>
    <ClInclude Include="MOC.h" />
  </ItemGroup>
</Project>